// !$*UTF8*$!
{
	archiveVersion = 1;
	classes = {
	};
	objectVersion = 56;
	objects = {

/* Begin PBXBuildFile section */
		0B2C17382A8CAF11001E4027 /* CategoryItem.swift in Sources */ = {isa = PBXBuildFile; fileRef = 0B2C17372A8CAF11001E4027 /* CategoryItem.swift */; };
		0C04A0D02A7BCC9900AE6192 /* LandmarksApp.swift in Sources */ = {isa = PBXBuildFile; fileRef = 0C04A0CF2A7BCC9900AE6192 /* LandmarksApp.swift */; };
		0C04A0D22A7BCC9900AE6192 /* ContentView.swift in Sources */ = {isa = PBXBuildFile; fileRef = 0C04A0D12A7BCC9900AE6192 /* ContentView.swift */; };
		0C04A0D42A7BCC9B00AE6192 /* Assets.xcassets in Resources */ = {isa = PBXBuildFile; fileRef = 0C04A0D32A7BCC9B00AE6192 /* Assets.xcassets */; };
		0C04A0D72A7BCC9B00AE6192 /* Preview Assets.xcassets in Resources */ = {isa = PBXBuildFile; fileRef = 0C04A0D62A7BCC9B00AE6192 /* Preview Assets.xcassets */; };
		0C04A0DE2A7BE41E00AE6192 /* SwiftUIView.swift in Sources */ = {isa = PBXBuildFile; fileRef = 0C04A0DD2A7BE41E00AE6192 /* SwiftUIView.swift */; };
		0C04A0E02A7BE76900AE6192 /* SwiftUIViewCircleImage.swift in Sources */ = {isa = PBXBuildFile; fileRef = 0C04A0DF2A7BE76900AE6192 /* SwiftUIViewCircleImage.swift */; };
		0C04A0E22A7CD54500AE6192 /* landmarkData.json in Resources */ = {isa = PBXBuildFile; fileRef = 0C04A0E12A7CD54500AE6192 /* landmarkData.json */; };
		0C04A0E42A7CD57600AE6192 /* Landmark.swift in Sources */ = {isa = PBXBuildFile; fileRef = 0C04A0E32A7CD57600AE6192 /* Landmark.swift */; };
		0C04A0E62A7CD7D700AE6192 /* ModelData.swift in Sources */ = {isa = PBXBuildFile; fileRef = 0C04A0E52A7CD7D700AE6192 /* ModelData.swift */; };
		0C04A0EC2A7CDFF300AE6192 /* LandmarkRow.swift in Sources */ = {isa = PBXBuildFile; fileRef = 0C04A0EB2A7CDFF300AE6192 /* LandmarkRow.swift */; };
		0C04A0EE2A7CE24700AE6192 /* LandmarkList.swift in Sources */ = {isa = PBXBuildFile; fileRef = 0C04A0ED2A7CE24700AE6192 /* LandmarkList.swift */; };
		0C04A0F02A7CE43900AE6192 /* LandmarkDetail.swift in Sources */ = {isa = PBXBuildFile; fileRef = 0C04A0EF2A7CE43900AE6192 /* LandmarkDetail.swift */; };
		0C04A0F22A7CF22300AE6192 /* FavoriteButton.swift in Sources */ = {isa = PBXBuildFile; fileRef = 0C04A0F12A7CF22300AE6192 /* FavoriteButton.swift */; };
		0C04A0F62A7D088800AE6192 /* HexagonParameters.swift in Sources */ = {isa = PBXBuildFile; fileRef = 0C04A0F52A7D088800AE6192 /* HexagonParameters.swift */; };
		0C04A0FA2A7D09E200AE6192 /* BadgeBackground.swift in Sources */ = {isa = PBXBuildFile; fileRef = 0C04A0F92A7D09E200AE6192 /* BadgeBackground.swift */; };
		0C04A10F2A7D11D200AE6192 /* landmark_app_icon_167x167.png in Resources */ = {isa = PBXBuildFile; fileRef = 0C04A0FC2A7D11D200AE6192 /* landmark_app_icon_167x167.png */; };
		0C04A1102A7D11D200AE6192 /* landmark_app_icon_60x60.png in Resources */ = {isa = PBXBuildFile; fileRef = 0C04A0FD2A7D11D200AE6192 /* landmark_app_icon_60x60.png */; };
		0C04A1112A7D11D200AE6192 /* landmark_app_icon_58x58.png in Resources */ = {isa = PBXBuildFile; fileRef = 0C04A0FE2A7D11D200AE6192 /* landmark_app_icon_58x58.png */; };
		0C04A1122A7D11D200AE6192 /* landmark_app_icon_40x40-1.png in Resources */ = {isa = PBXBuildFile; fileRef = 0C04A0FF2A7D11D200AE6192 /* landmark_app_icon_40x40-1.png */; };
		0C04A1132A7D11D200AE6192 /* landmark_app_icon_40x40-2.png in Resources */ = {isa = PBXBuildFile; fileRef = 0C04A1002A7D11D200AE6192 /* landmark_app_icon_40x40-2.png */; };
		0C04A1142A7D11D200AE6192 /* landmark_app_icon_29x29.png in Resources */ = {isa = PBXBuildFile; fileRef = 0C04A1012A7D11D200AE6192 /* landmark_app_icon_29x29.png */; };
		0C04A1152A7D11D200AE6192 /* landmark_app_icon_76x76.png in Resources */ = {isa = PBXBuildFile; fileRef = 0C04A1022A7D11D200AE6192 /* landmark_app_icon_76x76.png */; };
		0C04A1162A7D11D200AE6192 /* landmark_app_icon_120x120-1.png in Resources */ = {isa = PBXBuildFile; fileRef = 0C04A1032A7D11D200AE6192 /* landmark_app_icon_120x120-1.png */; };
		0C04A1172A7D11D200AE6192 /* landmark_app_icon_20x20.png in Resources */ = {isa = PBXBuildFile; fileRef = 0C04A1042A7D11D200AE6192 /* landmark_app_icon_20x20.png */; };
		0C04A1182A7D11D200AE6192 /* landmark_app_icon_80x80.png in Resources */ = {isa = PBXBuildFile; fileRef = 0C04A1052A7D11D200AE6192 /* landmark_app_icon_80x80.png */; };
		0C04A1192A7D11D200AE6192 /* landmark_app_icon_80x80-1.png in Resources */ = {isa = PBXBuildFile; fileRef = 0C04A1062A7D11D200AE6192 /* landmark_app_icon_80x80-1.png */; };
		0C04A11A2A7D11D200AE6192 /* landmark_app_icon_152x152.png in Resources */ = {isa = PBXBuildFile; fileRef = 0C04A1072A7D11D200AE6192 /* landmark_app_icon_152x152.png */; };
		0C04A11B2A7D11D200AE6192 /* landmark_app_icon_40x40.png in Resources */ = {isa = PBXBuildFile; fileRef = 0C04A1082A7D11D200AE6192 /* landmark_app_icon_40x40.png */; };
		0C04A11C2A7D11D200AE6192 /* landmark_app_icon_58x58-1.png in Resources */ = {isa = PBXBuildFile; fileRef = 0C04A1092A7D11D200AE6192 /* landmark_app_icon_58x58-1.png */; };
		0C04A11D2A7D11D200AE6192 /* landmark_app_icon_87x87.png in Resources */ = {isa = PBXBuildFile; fileRef = 0C04A10A2A7D11D200AE6192 /* landmark_app_icon_87x87.png */; };
		0C04A11E2A7D11D200AE6192 /* landmark_app_icon_180x180.png in Resources */ = {isa = PBXBuildFile; fileRef = 0C04A10B2A7D11D200AE6192 /* landmark_app_icon_180x180.png */; };
		0C04A11F2A7D11D200AE6192 /* Contents.json in Resources */ = {isa = PBXBuildFile; fileRef = 0C04A10C2A7D11D200AE6192 /* Contents.json */; };
		0C04A1202A7D11D200AE6192 /* landmark_app_icon_1024x1024.png in Resources */ = {isa = PBXBuildFile; fileRef = 0C04A10D2A7D11D200AE6192 /* landmark_app_icon_1024x1024.png */; };
		0C04A1212A7D11D200AE6192 /* landmark_app_icon_120x120.png in Resources */ = {isa = PBXBuildFile; fileRef = 0C04A10E2A7D11D200AE6192 /* landmark_app_icon_120x120.png */; };
		0C04A1232A7D125100AE6192 /* BadgeSymbol.swift in Sources */ = {isa = PBXBuildFile; fileRef = 0C04A1222A7D125100AE6192 /* BadgeSymbol.swift */; };
		0C04A1252A7D12E300AE6192 /* RotatedBadgeSymbol.swift in Sources */ = {isa = PBXBuildFile; fileRef = 0C04A1242A7D12E300AE6192 /* RotatedBadgeSymbol.swift */; };
		0C04A1272A7D135E00AE6192 /* Badge.swift in Sources */ = {isa = PBXBuildFile; fileRef = 0C04A1262A7D135E00AE6192 /* Badge.swift */; };
		0C04A12A2A7D159400AE6192 /* hikeData.json in Resources */ = {isa = PBXBuildFile; fileRef = 0C04A1292A7D159400AE6192 /* hikeData.json */; };
		0C04A12C2A7D161B00AE6192 /* Hike.swift in Sources */ = {isa = PBXBuildFile; fileRef = 0C04A12B2A7D161B00AE6192 /* Hike.swift */; };
		0C04A1322A7D1D1000AE6192 /* GraphCapsule.swift in Sources */ = {isa = PBXBuildFile; fileRef = 0C04A12E2A7D1D1000AE6192 /* GraphCapsule.swift */; };
		0C04A1332A7D1D1000AE6192 /* HikeGraph.swift in Sources */ = {isa = PBXBuildFile; fileRef = 0C04A12F2A7D1D1000AE6192 /* HikeGraph.swift */; };
		0C04A1342A7D1D1000AE6192 /* HikeDetail.swift in Sources */ = {isa = PBXBuildFile; fileRef = 0C04A1302A7D1D1000AE6192 /* HikeDetail.swift */; };
		0C04A1352A7D1D1000AE6192 /* HikeView.swift in Sources */ = {isa = PBXBuildFile; fileRef = 0C04A1312A7D1D1000AE6192 /* HikeView.swift */; };
		0C91918D2A7D258100762D82 /* CategoryHome.swift in Sources */ = {isa = PBXBuildFile; fileRef = 0C91918C2A7D258100762D82 /* CategoryHome.swift */; };
		0C91918F2A7D284A00762D82 /* CategoryRow.swift in Sources */ = {isa = PBXBuildFile; fileRef = 0C91918E2A7D284A00762D82 /* CategoryRow.swift */; };
/* End PBXBuildFile section */

/* Begin PBXFileReference section */
		0B2C17372A8CAF11001E4027 /* CategoryItem.swift */ = {isa = PBXFileReference; lastKnownFileType = sourcecode.swift; path = CategoryItem.swift; sourceTree = "<group>"; };
		0C04A0CC2A7BCC9900AE6192 /* Landmarks.app */ = {isa = PBXFileReference; explicitFileType = wrapper.application; includeInIndex = 0; path = Landmarks.app; sourceTree = BUILT_PRODUCTS_DIR; };
		0C04A0CF2A7BCC9900AE6192 /* LandmarksApp.swift */ = {isa = PBXFileReference; lastKnownFileType = sourcecode.swift; path = LandmarksApp.swift; sourceTree = "<group>"; };
		0C04A0D12A7BCC9900AE6192 /* ContentView.swift */ = {isa = PBXFileReference; lastKnownFileType = sourcecode.swift; path = ContentView.swift; sourceTree = "<group>"; };
		0C04A0D32A7BCC9B00AE6192 /* Assets.xcassets */ = {isa = PBXFileReference; lastKnownFileType = folder.assetcatalog; path = Assets.xcassets; sourceTree = "<group>"; };
		0C04A0D62A7BCC9B00AE6192 /* Preview Assets.xcassets */ = {isa = PBXFileReference; lastKnownFileType = folder.assetcatalog; path = "Preview Assets.xcassets"; sourceTree = "<group>"; };
		0C04A0DD2A7BE41E00AE6192 /* SwiftUIView.swift */ = {isa = PBXFileReference; lastKnownFileType = sourcecode.swift; path = SwiftUIView.swift; sourceTree = "<group>"; };
		0C04A0DF2A7BE76900AE6192 /* SwiftUIViewCircleImage.swift */ = {isa = PBXFileReference; lastKnownFileType = sourcecode.swift; path = SwiftUIViewCircleImage.swift; sourceTree = "<group>"; };
		0C04A0E12A7CD54500AE6192 /* landmarkData.json */ = {isa = PBXFileReference; fileEncoding = 4; lastKnownFileType = text.json; path = landmarkData.json; sourceTree = "<group>"; };
		0C04A0E32A7CD57600AE6192 /* Landmark.swift */ = {isa = PBXFileReference; lastKnownFileType = sourcecode.swift; path = Landmark.swift; sourceTree = "<group>"; };
		0C04A0E52A7CD7D700AE6192 /* ModelData.swift */ = {isa = PBXFileReference; lastKnownFileType = sourcecode.swift; path = ModelData.swift; sourceTree = "<group>"; };
		0C04A0EB2A7CDFF300AE6192 /* LandmarkRow.swift */ = {isa = PBXFileReference; lastKnownFileType = sourcecode.swift; path = LandmarkRow.swift; sourceTree = "<group>"; };
		0C04A0ED2A7CE24700AE6192 /* LandmarkList.swift */ = {isa = PBXFileReference; lastKnownFileType = sourcecode.swift; path = LandmarkList.swift; sourceTree = "<group>"; };
		0C04A0EF2A7CE43900AE6192 /* LandmarkDetail.swift */ = {isa = PBXFileReference; lastKnownFileType = sourcecode.swift; path = LandmarkDetail.swift; sourceTree = "<group>"; };
		0C04A0F12A7CF22300AE6192 /* FavoriteButton.swift */ = {isa = PBXFileReference; lastKnownFileType = sourcecode.swift; path = FavoriteButton.swift; sourceTree = "<group>"; };
		0C04A0F52A7D088800AE6192 /* HexagonParameters.swift */ = {isa = PBXFileReference; lastKnownFileType = sourcecode.swift; path = HexagonParameters.swift; sourceTree = "<group>"; };
		0C04A0F92A7D09E200AE6192 /* BadgeBackground.swift */ = {isa = PBXFileReference; lastKnownFileType = sourcecode.swift; path = BadgeBackground.swift; sourceTree = "<group>"; };
		0C04A0FC2A7D11D200AE6192 /* landmark_app_icon_167x167.png */ = {isa = PBXFileReference; lastKnownFileType = image.png; path = landmark_app_icon_167x167.png; sourceTree = "<group>"; };
		0C04A0FD2A7D11D200AE6192 /* landmark_app_icon_60x60.png */ = {isa = PBXFileReference; lastKnownFileType = image.png; path = landmark_app_icon_60x60.png; sourceTree = "<group>"; };
		0C04A0FE2A7D11D200AE6192 /* landmark_app_icon_58x58.png */ = {isa = PBXFileReference; lastKnownFileType = image.png; path = landmark_app_icon_58x58.png; sourceTree = "<group>"; };
		0C04A0FF2A7D11D200AE6192 /* landmark_app_icon_40x40-1.png */ = {isa = PBXFileReference; lastKnownFileType = image.png; path = "landmark_app_icon_40x40-1.png"; sourceTree = "<group>"; };
		0C04A1002A7D11D200AE6192 /* landmark_app_icon_40x40-2.png */ = {isa = PBXFileReference; lastKnownFileType = image.png; path = "landmark_app_icon_40x40-2.png"; sourceTree = "<group>"; };
		0C04A1012A7D11D200AE6192 /* landmark_app_icon_29x29.png */ = {isa = PBXFileReference; lastKnownFileType = image.png; path = landmark_app_icon_29x29.png; sourceTree = "<group>"; };
		0C04A1022A7D11D200AE6192 /* landmark_app_icon_76x76.png */ = {isa = PBXFileReference; lastKnownFileType = image.png; path = landmark_app_icon_76x76.png; sourceTree = "<group>"; };
		0C04A1032A7D11D200AE6192 /* landmark_app_icon_120x120-1.png */ = {isa = PBXFileReference; lastKnownFileType = image.png; path = "landmark_app_icon_120x120-1.png"; sourceTree = "<group>"; };
		0C04A1042A7D11D200AE6192 /* landmark_app_icon_20x20.png */ = {isa = PBXFileReference; lastKnownFileType = image.png; path = landmark_app_icon_20x20.png; sourceTree = "<group>"; };
		0C04A1052A7D11D200AE6192 /* landmark_app_icon_80x80.png */ = {isa = PBXFileReference; lastKnownFileType = image.png; path = landmark_app_icon_80x80.png; sourceTree = "<group>"; };
		0C04A1062A7D11D200AE6192 /* landmark_app_icon_80x80-1.png */ = {isa = PBXFileReference; lastKnownFileType = image.png; path = "landmark_app_icon_80x80-1.png"; sourceTree = "<group>"; };
		0C04A1072A7D11D200AE6192 /* landmark_app_icon_152x152.png */ = {isa = PBXFileReference; lastKnownFileType = image.png; path = landmark_app_icon_152x152.png; sourceTree = "<group>"; };
		0C04A1082A7D11D200AE6192 /* landmark_app_icon_40x40.png */ = {isa = PBXFileReference; lastKnownFileType = image.png; path = landmark_app_icon_40x40.png; sourceTree = "<group>"; };
		0C04A1092A7D11D200AE6192 /* landmark_app_icon_58x58-1.png */ = {isa = PBXFileReference; lastKnownFileType = image.png; path = "landmark_app_icon_58x58-1.png"; sourceTree = "<group>"; };
		0C04A10A2A7D11D200AE6192 /* landmark_app_icon_87x87.png */ = {isa = PBXFileReference; lastKnownFileType = image.png; path = landmark_app_icon_87x87.png; sourceTree = "<group>"; };
		0C04A10B2A7D11D200AE6192 /* landmark_app_icon_180x180.png */ = {isa = PBXFileReference; lastKnownFileType = image.png; path = landmark_app_icon_180x180.png; sourceTree = "<group>"; };
		0C04A10C2A7D11D200AE6192 /* Contents.json */ = {isa = PBXFileReference; fileEncoding = 4; lastKnownFileType = text.json; path = Contents.json; sourceTree = "<group>"; };
		0C04A10D2A7D11D200AE6192 /* landmark_app_icon_1024x1024.png */ = {isa = PBXFileReference; lastKnownFileType = image.png; path = landmark_app_icon_1024x1024.png; sourceTree = "<group>"; };
		0C04A10E2A7D11D200AE6192 /* landmark_app_icon_120x120.png */ = {isa = PBXFileReference; lastKnownFileType = image.png; path = landmark_app_icon_120x120.png; sourceTree = "<group>"; };
		0C04A1222A7D125100AE6192 /* BadgeSymbol.swift */ = {isa = PBXFileReference; lastKnownFileType = sourcecode.swift; path = BadgeSymbol.swift; sourceTree = "<group>"; };
		0C04A1242A7D12E300AE6192 /* RotatedBadgeSymbol.swift */ = {isa = PBXFileReference; lastKnownFileType = sourcecode.swift; path = RotatedBadgeSymbol.swift; sourceTree = "<group>"; };
		0C04A1262A7D135E00AE6192 /* Badge.swift */ = {isa = PBXFileReference; lastKnownFileType = sourcecode.swift; path = Badge.swift; sourceTree = "<group>"; };
		0C04A1292A7D159400AE6192 /* hikeData.json */ = {isa = PBXFileReference; fileEncoding = 4; lastKnownFileType = text.json; path = hikeData.json; sourceTree = "<group>"; };
		0C04A12B2A7D161B00AE6192 /* Hike.swift */ = {isa = PBXFileReference; lastKnownFileType = sourcecode.swift; path = Hike.swift; sourceTree = "<group>"; };
		0C04A12E2A7D1D1000AE6192 /* GraphCapsule.swift */ = {isa = PBXFileReference; fileEncoding = 4; lastKnownFileType = sourcecode.swift; path = GraphCapsule.swift; sourceTree = "<group>"; };
		0C04A12F2A7D1D1000AE6192 /* HikeGraph.swift */ = {isa = PBXFileReference; fileEncoding = 4; lastKnownFileType = sourcecode.swift; path = HikeGraph.swift; sourceTree = "<group>"; };
		0C04A1302A7D1D1000AE6192 /* HikeDetail.swift */ = {isa = PBXFileReference; fileEncoding = 4; lastKnownFileType = sourcecode.swift; path = HikeDetail.swift; sourceTree = "<group>"; };
		0C04A1312A7D1D1000AE6192 /* HikeView.swift */ = {isa = PBXFileReference; fileEncoding = 4; lastKnownFileType = sourcecode.swift; path = HikeView.swift; sourceTree = "<group>"; };
		0C91918C2A7D258100762D82 /* CategoryHome.swift */ = {isa = PBXFileReference; lastKnownFileType = sourcecode.swift; path = CategoryHome.swift; sourceTree = "<group>"; };
		0C91918E2A7D284A00762D82 /* CategoryRow.swift */ = {isa = PBXFileReference; lastKnownFileType = sourcecode.swift; path = CategoryRow.swift; sourceTree = "<group>"; };
/* End PBXFileReference section */

/* Begin PBXFrameworksBuildPhase section */
		0C04A0C92A7BCC9900AE6192 /* Frameworks */ = {
			isa = PBXFrameworksBuildPhase;
			buildActionMask = 2147483647;
			files = (
			);
			runOnlyForDeploymentPostprocessing = 0;
		};
/* End PBXFrameworksBuildPhase section */

/* Begin PBXGroup section */
		0C04A0C32A7BCC9900AE6192 = {
			isa = PBXGroup;
			children = (
				0C04A0FB2A7D11D200AE6192 /* AppIcon.appiconset */,
				0C04A0CE2A7BCC9900AE6192 /* Landmarks */,
				0C04A0CD2A7BCC9900AE6192 /* Products */,
			);
			sourceTree = "<group>";
		};
		0C04A0CD2A7BCC9900AE6192 /* Products */ = {
			isa = PBXGroup;
			children = (
				0C04A0CC2A7BCC9900AE6192 /* Landmarks.app */,
			);
			name = Products;
			sourceTree = "<group>";
		};
		0C04A0CE2A7BCC9900AE6192 /* Landmarks */ = {
			isa = PBXGroup;
			children = (
				0C04A0EA2A7CDD2100AE6192 /* Resources */,
				0C04A0E92A7CDC7900AE6192 /* Views */,
				0C04A0E72A7CDC3300AE6192 /* Model */,
				0C04A0CF2A7BCC9900AE6192 /* LandmarksApp.swift */,
				0C04A0D32A7BCC9B00AE6192 /* Assets.xcassets */,
				0C04A0D52A7BCC9B00AE6192 /* Preview Content */,
			);
			path = Landmarks;
			sourceTree = "<group>";
		};
		0C04A0D52A7BCC9B00AE6192 /* Preview Content */ = {
			isa = PBXGroup;
			children = (
				0C04A0D62A7BCC9B00AE6192 /* Preview Assets.xcassets */,
			);
			path = "Preview Content";
			sourceTree = "<group>";
		};
		0C04A0E72A7CDC3300AE6192 /* Model */ = {
			isa = PBXGroup;
			children = (
				0C04A0E32A7CD57600AE6192 /* Landmark.swift */,
				0C04A0E52A7CD7D700AE6192 /* ModelData.swift */,
				0C04A12B2A7D161B00AE6192 /* Hike.swift */,
			);
			path = Model;
			sourceTree = "<group>";
		};
		0C04A0E92A7CDC7900AE6192 /* Views */ = {
			isa = PBXGroup;
			children = (
				0C91918B2A7D255B00762D82 /* Categories */,
				0C04A12D2A7D1D1000AE6192 /* Hikes */,
				0C04A0D12A7BCC9900AE6192 /* ContentView.swift */,
				0C04A1282A7D13EF00AE6192 /* Badges */,
				0C04A0F42A7CF2E500AE6192 /* Helpers */,
				0C04A0F32A7CF2D400AE6192 /* Landmarks */,
			);
			path = Views;
			sourceTree = "<group>";
		};
		0C04A0EA2A7CDD2100AE6192 /* Resources */ = {
			isa = PBXGroup;
			children = (
				0C04A1292A7D159400AE6192 /* hikeData.json */,
				0C04A0E12A7CD54500AE6192 /* landmarkData.json */,
			);
			path = Resources;
			sourceTree = "<group>";
		};
		0C04A0F32A7CF2D400AE6192 /* Landmarks */ = {
			isa = PBXGroup;
			children = (
				0C04A0EF2A7CE43900AE6192 /* LandmarkDetail.swift */,
				0C04A0ED2A7CE24700AE6192 /* LandmarkList.swift */,
				0C04A0EB2A7CDFF300AE6192 /* LandmarkRow.swift */,
			);
			path = Landmarks;
			sourceTree = "<group>";
		};
		0C04A0F42A7CF2E500AE6192 /* Helpers */ = {
			isa = PBXGroup;
			children = (
				0C04A0DF2A7BE76900AE6192 /* SwiftUIViewCircleImage.swift */,
				0C04A0F12A7CF22300AE6192 /* FavoriteButton.swift */,
				0C04A0DD2A7BE41E00AE6192 /* SwiftUIView.swift */,
			);
			path = Helpers;
			sourceTree = "<group>";
		};
		0C04A0FB2A7D11D200AE6192 /* AppIcon.appiconset */ = {
			isa = PBXGroup;
			children = (
				0C04A0FC2A7D11D200AE6192 /* landmark_app_icon_167x167.png */,
				0C04A0FD2A7D11D200AE6192 /* landmark_app_icon_60x60.png */,
				0C04A0FE2A7D11D200AE6192 /* landmark_app_icon_58x58.png */,
				0C04A0FF2A7D11D200AE6192 /* landmark_app_icon_40x40-1.png */,
				0C04A1002A7D11D200AE6192 /* landmark_app_icon_40x40-2.png */,
				0C04A1012A7D11D200AE6192 /* landmark_app_icon_29x29.png */,
				0C04A1022A7D11D200AE6192 /* landmark_app_icon_76x76.png */,
				0C04A1032A7D11D200AE6192 /* landmark_app_icon_120x120-1.png */,
				0C04A1042A7D11D200AE6192 /* landmark_app_icon_20x20.png */,
				0C04A1052A7D11D200AE6192 /* landmark_app_icon_80x80.png */,
				0C04A1062A7D11D200AE6192 /* landmark_app_icon_80x80-1.png */,
				0C04A1072A7D11D200AE6192 /* landmark_app_icon_152x152.png */,
				0C04A1082A7D11D200AE6192 /* landmark_app_icon_40x40.png */,
				0C04A1092A7D11D200AE6192 /* landmark_app_icon_58x58-1.png */,
				0C04A10A2A7D11D200AE6192 /* landmark_app_icon_87x87.png */,
				0C04A10B2A7D11D200AE6192 /* landmark_app_icon_180x180.png */,
				0C04A10C2A7D11D200AE6192 /* Contents.json */,
				0C04A10D2A7D11D200AE6192 /* landmark_app_icon_1024x1024.png */,
				0C04A10E2A7D11D200AE6192 /* landmark_app_icon_120x120.png */,
			);
			path = AppIcon.appiconset;
			sourceTree = "<group>";
		};
		0C04A1282A7D13EF00AE6192 /* Badges */ = {
			isa = PBXGroup;
			children = (
				0C04A0F92A7D09E200AE6192 /* BadgeBackground.swift */,
				0C04A1222A7D125100AE6192 /* BadgeSymbol.swift */,
				0C04A0F52A7D088800AE6192 /* HexagonParameters.swift */,
				0C04A1262A7D135E00AE6192 /* Badge.swift */,
				0C04A1242A7D12E300AE6192 /* RotatedBadgeSymbol.swift */,
			);
			path = Badges;
			sourceTree = "<group>";
		};
		0C04A12D2A7D1D1000AE6192 /* Hikes */ = {
			isa = PBXGroup;
			children = (
				0C04A12E2A7D1D1000AE6192 /* GraphCapsule.swift */,
				0C04A12F2A7D1D1000AE6192 /* HikeGraph.swift */,
				0C04A1302A7D1D1000AE6192 /* HikeDetail.swift */,
				0C04A1312A7D1D1000AE6192 /* HikeView.swift */,
			);
			path = Hikes;
			sourceTree = "<group>";
		};
		0C91918B2A7D255B00762D82 /* Categories */ = {
			isa = PBXGroup;
			children = (
				0C91918C2A7D258100762D82 /* CategoryHome.swift */,
				0C91918E2A7D284A00762D82 /* CategoryRow.swift */,
				0B2C17372A8CAF11001E4027 /* CategoryItem.swift */,
			);
			path = Categories;
			sourceTree = "<group>";
		};
/* End PBXGroup section */

/* Begin PBXNativeTarget section */
		0C04A0CB2A7BCC9900AE6192 /* Landmarks */ = {
			isa = PBXNativeTarget;
			buildConfigurationList = 0C04A0DA2A7BCC9B00AE6192 /* Build configuration list for PBXNativeTarget "Landmarks" */;
			buildPhases = (
				0C04A0C82A7BCC9900AE6192 /* Sources */,
				0C04A0C92A7BCC9900AE6192 /* Frameworks */,
				0C04A0CA2A7BCC9900AE6192 /* Resources */,
			);
			buildRules = (
			);
			dependencies = (
			);
			name = Landmarks;
			productName = Landmarks;
			productReference = 0C04A0CC2A7BCC9900AE6192 /* Landmarks.app */;
			productType = "com.apple.product-type.application";
		};
/* End PBXNativeTarget section */

/* Begin PBXProject section */
		0C04A0C42A7BCC9900AE6192 /* Project object */ = {
			isa = PBXProject;
			attributes = {
				BuildIndependentTargetsInParallel = 1;
				LastSwiftUpdateCheck = 1430;
				LastUpgradeCheck = 1430;
				TargetAttributes = {
					0C04A0CB2A7BCC9900AE6192 = {
						CreatedOnToolsVersion = 14.3.1;
					};
				};
			};
			buildConfigurationList = 0C04A0C72A7BCC9900AE6192 /* Build configuration list for PBXProject "Landmarks" */;
			compatibilityVersion = "Xcode 14.0";
			developmentRegion = en;
			hasScannedForEncodings = 0;
			knownRegions = (
				en,
				Base,
			);
			mainGroup = 0C04A0C32A7BCC9900AE6192;
			productRefGroup = 0C04A0CD2A7BCC9900AE6192 /* Products */;
			projectDirPath = "";
			projectRoot = "";
			targets = (
				0C04A0CB2A7BCC9900AE6192 /* Landmarks */,
			);
		};
/* End PBXProject section */

/* Begin PBXResourcesBuildPhase section */
		0C04A0CA2A7BCC9900AE6192 /* Resources */ = {
			isa = PBXResourcesBuildPhase;
			buildActionMask = 2147483647;
			files = (
				0C04A1132A7D11D200AE6192 /* landmark_app_icon_40x40-2.png in Resources */,
				0C04A11C2A7D11D200AE6192 /* landmark_app_icon_58x58-1.png in Resources */,
				0C04A1102A7D11D200AE6192 /* landmark_app_icon_60x60.png in Resources */,
				0C04A0D72A7BCC9B00AE6192 /* Preview Assets.xcassets in Resources */,
				0C04A1142A7D11D200AE6192 /* landmark_app_icon_29x29.png in Resources */,
				0C04A10F2A7D11D200AE6192 /* landmark_app_icon_167x167.png in Resources */,
				0C04A1182A7D11D200AE6192 /* landmark_app_icon_80x80.png in Resources */,
				0C04A11D2A7D11D200AE6192 /* landmark_app_icon_87x87.png in Resources */,
				0C04A1202A7D11D200AE6192 /* landmark_app_icon_1024x1024.png in Resources */,
				0C04A1152A7D11D200AE6192 /* landmark_app_icon_76x76.png in Resources */,
				0C04A0D42A7BCC9B00AE6192 /* Assets.xcassets in Resources */,
				0C04A1172A7D11D200AE6192 /* landmark_app_icon_20x20.png in Resources */,
				0C04A0E22A7CD54500AE6192 /* landmarkData.json in Resources */,
				0C04A11A2A7D11D200AE6192 /* landmark_app_icon_152x152.png in Resources */,
				0C04A1112A7D11D200AE6192 /* landmark_app_icon_58x58.png in Resources */,
				0C04A12A2A7D159400AE6192 /* hikeData.json in Resources */,
				0C04A1212A7D11D200AE6192 /* landmark_app_icon_120x120.png in Resources */,
				0C04A11E2A7D11D200AE6192 /* landmark_app_icon_180x180.png in Resources */,
				0C04A11F2A7D11D200AE6192 /* Contents.json in Resources */,
				0C04A1192A7D11D200AE6192 /* landmark_app_icon_80x80-1.png in Resources */,
				0C04A1162A7D11D200AE6192 /* landmark_app_icon_120x120-1.png in Resources */,
				0C04A1122A7D11D200AE6192 /* landmark_app_icon_40x40-1.png in Resources */,
				0C04A11B2A7D11D200AE6192 /* landmark_app_icon_40x40.png in Resources */,
			);
			runOnlyForDeploymentPostprocessing = 0;
		};
/* End PBXResourcesBuildPhase section */

/* Begin PBXSourcesBuildPhase section */
		0C04A0C82A7BCC9900AE6192 /* Sources */ = {
			isa = PBXSourcesBuildPhase;
			buildActionMask = 2147483647;
			files = (
				0C91918F2A7D284A00762D82 /* CategoryRow.swift in Sources */,
				0C04A0D22A7BCC9900AE6192 /* ContentView.swift in Sources */,
				0C91918D2A7D258100762D82 /* CategoryHome.swift in Sources */,
				0C04A1332A7D1D1000AE6192 /* HikeGraph.swift in Sources */,
				0C04A1272A7D135E00AE6192 /* Badge.swift in Sources */,
				0C04A0D02A7BCC9900AE6192 /* LandmarksApp.swift in Sources */,
				0C04A1322A7D1D1000AE6192 /* GraphCapsule.swift in Sources */,
				0C04A0E02A7BE76900AE6192 /* SwiftUIViewCircleImage.swift in Sources */,
				0C04A0F22A7CF22300AE6192 /* FavoriteButton.swift in Sources */,
				0B2C17382A8CAF11001E4027 /* CategoryItem.swift in Sources */,
				0C04A1342A7D1D1000AE6192 /* HikeDetail.swift in Sources */,
				0C04A0F62A7D088800AE6192 /* HexagonParameters.swift in Sources */,
				0C04A12C2A7D161B00AE6192 /* Hike.swift in Sources */,
				0C04A1252A7D12E300AE6192 /* RotatedBadgeSymbol.swift in Sources */,
				0C04A1232A7D125100AE6192 /* BadgeSymbol.swift in Sources */,
				0C04A0EE2A7CE24700AE6192 /* LandmarkList.swift in Sources */,
				0C04A1352A7D1D1000AE6192 /* HikeView.swift in Sources */,
				0C04A0F02A7CE43900AE6192 /* LandmarkDetail.swift in Sources */,
				0C04A0FA2A7D09E200AE6192 /* BadgeBackground.swift in Sources */,
				0C04A0DE2A7BE41E00AE6192 /* SwiftUIView.swift in Sources */,
				0C04A0E42A7CD57600AE6192 /* Landmark.swift in Sources */,
				0C04A0EC2A7CDFF300AE6192 /* LandmarkRow.swift in Sources */,
				0C04A0E62A7CD7D700AE6192 /* ModelData.swift in Sources */,
			);
			runOnlyForDeploymentPostprocessing = 0;
		};
/* End PBXSourcesBuildPhase section */

/* Begin XCBuildConfiguration section */
		0C04A0D82A7BCC9B00AE6192 /* Debug */ = {
			isa = XCBuildConfiguration;
			buildSettings = {
				ALWAYS_SEARCH_USER_PATHS = NO;
				CLANG_ANALYZER_NONNULL = YES;
				CLANG_ANALYZER_NUMBER_OBJECT_CONVERSION = YES_AGGRESSIVE;
				CLANG_CXX_LANGUAGE_STANDARD = "gnu++20";
				CLANG_ENABLE_MODULES = YES;
				CLANG_ENABLE_OBJC_ARC = YES;
				CLANG_ENABLE_OBJC_WEAK = YES;
				CLANG_WARN_BLOCK_CAPTURE_AUTORELEASING = YES;
				CLANG_WARN_BOOL_CONVERSION = YES;
				CLANG_WARN_COMMA = YES;
				CLANG_WARN_CONSTANT_CONVERSION = YES;
				CLANG_WARN_DEPRECATED_OBJC_IMPLEMENTATIONS = YES;
				CLANG_WARN_DIRECT_OBJC_ISA_USAGE = YES_ERROR;
				CLANG_WARN_DOCUMENTATION_COMMENTS = YES;
				CLANG_WARN_EMPTY_BODY = YES;
				CLANG_WARN_ENUM_CONVERSION = YES;
				CLANG_WARN_INFINITE_RECURSION = YES;
				CLANG_WARN_INT_CONVERSION = YES;
				CLANG_WARN_NON_LITERAL_NULL_CONVERSION = YES;
				CLANG_WARN_OBJC_IMPLICIT_RETAIN_SELF = YES;
				CLANG_WARN_OBJC_LITERAL_CONVERSION = YES;
				CLANG_WARN_OBJC_ROOT_CLASS = YES_ERROR;
				CLANG_WARN_QUOTED_INCLUDE_IN_FRAMEWORK_HEADER = YES;
				CLANG_WARN_RANGE_LOOP_ANALYSIS = YES;
				CLANG_WARN_STRICT_PROTOTYPES = YES;
				CLANG_WARN_SUSPICIOUS_MOVE = YES;
				CLANG_WARN_UNGUARDED_AVAILABILITY = YES_AGGRESSIVE;
				CLANG_WARN_UNREACHABLE_CODE = YES;
				CLANG_WARN__DUPLICATE_METHOD_MATCH = YES;
				COPY_PHASE_STRIP = NO;
				DEBUG_INFORMATION_FORMAT = dwarf;
				ENABLE_STRICT_OBJC_MSGSEND = YES;
				ENABLE_TESTABILITY = YES;
				GCC_C_LANGUAGE_STANDARD = gnu11;
				GCC_DYNAMIC_NO_PIC = NO;
				GCC_NO_COMMON_BLOCKS = YES;
				GCC_OPTIMIZATION_LEVEL = 0;
				GCC_PREPROCESSOR_DEFINITIONS = (
					"DEBUG=1",
					"$(inherited)",
				);
				GCC_WARN_64_TO_32_BIT_CONVERSION = YES;
				GCC_WARN_ABOUT_RETURN_TYPE = YES_ERROR;
				GCC_WARN_UNDECLARED_SELECTOR = YES;
				GCC_WARN_UNINITIALIZED_AUTOS = YES_AGGRESSIVE;
				GCC_WARN_UNUSED_FUNCTION = YES;
				GCC_WARN_UNUSED_VARIABLE = YES;
				IPHONEOS_DEPLOYMENT_TARGET = 16.4;
				MTL_ENABLE_DEBUG_INFO = INCLUDE_SOURCE;
				MTL_FAST_MATH = YES;
				ONLY_ACTIVE_ARCH = YES;
				SDKROOT = iphoneos;
				SWIFT_ACTIVE_COMPILATION_CONDITIONS = DEBUG;
				SWIFT_OPTIMIZATION_LEVEL = "-Onone";
			};
			name = Debug;
		};
		0C04A0D92A7BCC9B00AE6192 /* Release */ = {
			isa = XCBuildConfiguration;
			buildSettings = {
				ALWAYS_SEARCH_USER_PATHS = NO;
				CLANG_ANALYZER_NONNULL = YES;
				CLANG_ANALYZER_NUMBER_OBJECT_CONVERSION = YES_AGGRESSIVE;
				CLANG_CXX_LANGUAGE_STANDARD = "gnu++20";
				CLANG_ENABLE_MODULES = YES;
				CLANG_ENABLE_OBJC_ARC = YES;
				CLANG_ENABLE_OBJC_WEAK = YES;
				CLANG_WARN_BLOCK_CAPTURE_AUTORELEASING = YES;
				CLANG_WARN_BOOL_CONVERSION = YES;
				CLANG_WARN_COMMA = YES;
				CLANG_WARN_CONSTANT_CONVERSION = YES;
				CLANG_WARN_DEPRECATED_OBJC_IMPLEMENTATIONS = YES;
				CLANG_WARN_DIRECT_OBJC_ISA_USAGE = YES_ERROR;
				CLANG_WARN_DOCUMENTATION_COMMENTS = YES;
				CLANG_WARN_EMPTY_BODY = YES;
				CLANG_WARN_ENUM_CONVERSION = YES;
				CLANG_WARN_INFINITE_RECURSION = YES;
				CLANG_WARN_INT_CONVERSION = YES;
				CLANG_WARN_NON_LITERAL_NULL_CONVERSION = YES;
				CLANG_WARN_OBJC_IMPLICIT_RETAIN_SELF = YES;
				CLANG_WARN_OBJC_LITERAL_CONVERSION = YES;
				CLANG_WARN_OBJC_ROOT_CLASS = YES_ERROR;
				CLANG_WARN_QUOTED_INCLUDE_IN_FRAMEWORK_HEADER = YES;
				CLANG_WARN_RANGE_LOOP_ANALYSIS = YES;
				CLANG_WARN_STRICT_PROTOTYPES = YES;
				CLANG_WARN_SUSPICIOUS_MOVE = YES;
				CLANG_WARN_UNGUARDED_AVAILABILITY = YES_AGGRESSIVE;
				CLANG_WARN_UNREACHABLE_CODE = YES;
				CLANG_WARN__DUPLICATE_METHOD_MATCH = YES;
				COPY_PHASE_STRIP = NO;
				DEBUG_INFORMATION_FORMAT = "dwarf-with-dsym";
				ENABLE_NS_ASSERTIONS = NO;
				ENABLE_STRICT_OBJC_MSGSEND = YES;
				GCC_C_LANGUAGE_STANDARD = gnu11;
				GCC_NO_COMMON_BLOCKS = YES;
				GCC_WARN_64_TO_32_BIT_CONVERSION = YES;
				GCC_WARN_ABOUT_RETURN_TYPE = YES_ERROR;
				GCC_WARN_UNDECLARED_SELECTOR = YES;
				GCC_WARN_UNINITIALIZED_AUTOS = YES_AGGRESSIVE;
				GCC_WARN_UNUSED_FUNCTION = YES;
				GCC_WARN_UNUSED_VARIABLE = YES;
				IPHONEOS_DEPLOYMENT_TARGET = 16.4;
				MTL_ENABLE_DEBUG_INFO = NO;
				MTL_FAST_MATH = YES;
				SDKROOT = iphoneos;
				SWIFT_COMPILATION_MODE = wholemodule;
				SWIFT_OPTIMIZATION_LEVEL = "-O";
				VALIDATE_PRODUCT = YES;
			};
			name = Release;
		};
		0C04A0DB2A7BCC9B00AE6192 /* Debug */ = {
			isa = XCBuildConfiguration;
			buildSettings = {
				ASSETCATALOG_COMPILER_APPICON_NAME = AppIcon;
				ASSETCATALOG_COMPILER_GLOBAL_ACCENT_COLOR_NAME = AccentColor;
				CODE_SIGN_STYLE = Automatic;
				CURRENT_PROJECT_VERSION = 1;
				DEVELOPMENT_ASSET_PATHS = "\"Landmarks/Preview Content\"";
				DEVELOPMENT_TEAM = F9Z6ZJTZZ4;
				ENABLE_PREVIEWS = YES;
				GENERATE_INFOPLIST_FILE = YES;
				INFOPLIST_KEY_UIApplicationSceneManifest_Generation = YES;
				INFOPLIST_KEY_UIApplicationSupportsIndirectInputEvents = YES;
				INFOPLIST_KEY_UILaunchScreen_Generation = YES;
				INFOPLIST_KEY_UISupportedInterfaceOrientations_iPad = "UIInterfaceOrientationPortrait UIInterfaceOrientationPortraitUpsideDown UIInterfaceOrientationLandscapeLeft UIInterfaceOrientationLandscapeRight";
				INFOPLIST_KEY_UISupportedInterfaceOrientations_iPhone = "UIInterfaceOrientationPortrait UIInterfaceOrientationLandscapeLeft UIInterfaceOrientationLandscapeRight";
				LD_RUNPATH_SEARCH_PATHS = (
					"$(inherited)",
					"@executable_path/Frameworks",
				);
				MARKETING_VERSION = 1.0;
				PRODUCT_BUNDLE_IDENTIFIER = "com.example.apple-samplecode.Landmarks";
				PRODUCT_NAME = "$(TARGET_NAME)";
				SWIFT_EMIT_LOC_STRINGS = YES;
				SWIFT_VERSION = 5.0;
				TARGETED_DEVICE_FAMILY = "1,2";
			};
			name = Debug;
		};
		0C04A0DC2A7BCC9B00AE6192 /* Release */ = {
			isa = XCBuildConfiguration;
			buildSettings = {
				ASSETCATALOG_COMPILER_APPICON_NAME = AppIcon;
				ASSETCATALOG_COMPILER_GLOBAL_ACCENT_COLOR_NAME = AccentColor;
				CODE_SIGN_STYLE = Automatic;
				CURRENT_PROJECT_VERSION = 1;
				DEVELOPMENT_ASSET_PATHS = "\"Landmarks/Preview Content\"";
				DEVELOPMENT_TEAM = F9Z6ZJTZZ4;
				ENABLE_PREVIEWS = YES;
				GENERATE_INFOPLIST_FILE = YES;
				INFOPLIST_KEY_UIApplicationSceneManifest_Generation = YES;
				INFOPLIST_KEY_UIApplicationSupportsIndirectInputEvents = YES;
				INFOPLIST_KEY_UILaunchScreen_Generation = YES;
				INFOPLIST_KEY_UISupportedInterfaceOrientations_iPad = "UIInterfaceOrientationPortrait UIInterfaceOrientationPortraitUpsideDown UIInterfaceOrientationLandscapeLeft UIInterfaceOrientationLandscapeRight";
				INFOPLIST_KEY_UISupportedInterfaceOrientations_iPhone = "UIInterfaceOrientationPortrait UIInterfaceOrientationLandscapeLeft UIInterfaceOrientationLandscapeRight";
				LD_RUNPATH_SEARCH_PATHS = (
					"$(inherited)",
					"@executable_path/Frameworks",
				);
				MARKETING_VERSION = 1.0;
				PRODUCT_BUNDLE_IDENTIFIER = "com.example.apple-samplecode.Landmarks";
				PRODUCT_NAME = "$(TARGET_NAME)";
				SWIFT_EMIT_LOC_STRINGS = YES;
				SWIFT_VERSION = 5.0;
				TARGETED_DEVICE_FAMILY = "1,2";
			};
			name = Release;
		};
/* End XCBuildConfiguration section */

/* Begin XCConfigurationList section */
		0C04A0C72A7BCC9900AE6192 /* Build configuration list for PBXProject "Landmarks" */ = {
			isa = XCConfigurationList;
			buildConfigurations = (
				0C04A0D82A7BCC9B00AE6192 /* Debug */,
				0C04A0D92A7BCC9B00AE6192 /* Release */,
			);
			defaultConfigurationIsVisible = 0;
			defaultConfigurationName = Release;
		};
		0C04A0DA2A7BCC9B00AE6192 /* Build configuration list for PBXNativeTarget "Landmarks" */ = {
			isa = XCConfigurationList;
			buildConfigurations = (
				0C04A0DB2A7BCC9B00AE6192 /* Debug */,
				0C04A0DC2A7BCC9B00AE6192 /* Release */,
			);
			defaultConfigurationIsVisible = 0;
			defaultConfigurationName = Release;
		};
/* End XCConfigurationList section */
	};
	rootObject = 0C04A0C42A7BCC9900AE6192 /* Project object */;
}
